
Microsoft Visual Studio Solution File, Format Version 12.00
# Visual Studio Version 16
VisualStudioVersion = 16.0.32413.511
MinimumVisualStudioVersion = 10.0.40219.1
Project("{FAE04EC0-301F-11D3-BF4B-00C04F79EFBC}") = "Game2048", "Game2048.csproj", "{81B86710-5720-485B-8751-1B19161CBAD1}"
EndProject
Project("{2150E333-8FDC-42A3-9474-1A3956D46DE8}") = "Solution Items", "Solution Items", "{09233685-5EB3-4FA1-92B9-2FA6DC22773F}"
	ProjectSection(SolutionItems) = preProject
		.gitignore.txt = .gitignore.txt
	EndProjectSection
EndProject
Global
	GlobalSection(SolutionConfigurationPlatforms) = preSolution
		Debug|Any CPU = Debug|Any CPU
		Release|Any CPU = Release|Any CPU
	EndGlobalSection
	GlobalSection(ProjectConfigurationPlatforms) = postSolution
		{81B86710-5720-485B-8751-1B19161CBAD1}.Debug|Any CPU.ActiveCfg = Debug|Any CPU
		{81B86710-5720-485B-8751-1B19161CBAD1}.Debug|Any CPU.Build.0 = Debug|Any CPU
		{81B86710-5720-485B-8751-1B19161CBAD1}.Release|Any CPU.ActiveCfg = Release|Any CPU
		{81B86710-5720-485B-8751-1B19161CBAD1}.Release|Any CPU.Build.0 = Release|Any CPU
	EndGlobalSection
	GlobalSection(SolutionProperties) = preSolution
		HideSolutionNode = FALSE
	EndGlobalSection
	GlobalSection(ExtensibilityGlobals) = postSolution
		SolutionGuid = {55A227D0-E6C3-4552-80E3-BC287A372EAA}
	EndGlobalSection
EndGlobal
