
Microsoft Visual Studio Solution File, Format Version 12.00
# Visual Studio Version 16
VisualStudioVersion = 16.0.32413.511
MinimumVisualStudioVersion = 10.0.40219.1
Project("{9A19103F-16F7-4668-BE54-9A1E7A4F7556}") = "NodeExercise", "NodeExercise.csproj", "{A1DBBF7F-C061-468E-95BE-694FA70920EA}"
EndProject
Project("{2150E333-8FDC-42A3-9474-1A3956D46DE8}") = "Solution Items", "Solution Items", "{7DBACF4F-29BD-4A6A-A127-1516A2A4CE09}"
	ProjectSection(SolutionItems) = preProject
		.gitignore.txt = .gitignore.txt
	EndProjectSection
EndProject
Global
	GlobalSection(SolutionConfigurationPlatforms) = preSolution
		Debug|Any CPU = Debug|Any CPU
		Release|Any CPU = Release|Any CPU
	EndGlobalSection
	GlobalSection(ProjectConfigurationPlatforms) = postSolution
		{A1DBBF7F-C061-468E-95BE-694FA70920EA}.Debug|Any CPU.ActiveCfg = Debug|Any CPU
		{A1DBBF7F-C061-468E-95BE-694FA70920EA}.Debug|Any CPU.Build.0 = Debug|Any CPU
		{A1DBBF7F-C061-468E-95BE-694FA70920EA}.Release|Any CPU.ActiveCfg = Release|Any CPU
		{A1DBBF7F-C061-468E-95BE-694FA70920EA}.Release|Any CPU.Build.0 = Release|Any CPU
	EndGlobalSection
	GlobalSection(SolutionProperties) = preSolution
		HideSolutionNode = FALSE
	EndGlobalSection
	GlobalSection(ExtensibilityGlobals) = postSolution
		SolutionGuid = {D563C0ED-4C8A-4A06-9E35-9E21DC9084B4}
	EndGlobalSection
EndGlobal
