
Microsoft Visual Studio Solution File, Format Version 12.00
# Visual Studio Version 16
VisualStudioVersion = 16.0.32413.511
MinimumVisualStudioVersion = 10.0.40219.1
Project("{FAE04EC0-301F-11D3-BF4B-00C04F79EFBC}") = "OOP_Exercise", "OOP_Exercise.csproj", "{EA9755E8-86B4-4B20-95D5-2D956306377B}"
EndProject
Global
	GlobalSection(SolutionConfigurationPlatforms) = preSolution
		Debug|Any CPU = Debug|Any CPU
		Release|Any CPU = Release|Any CPU
	EndGlobalSection
	GlobalSection(ProjectConfigurationPlatforms) = postSolution
		{EA9755E8-86B4-4B20-95D5-2D956306377B}.Debug|Any CPU.ActiveCfg = Debug|Any CPU
		{EA9755E8-86B4-4B20-95D5-2D956306377B}.Debug|Any CPU.Build.0 = Debug|Any CPU
		{EA9755E8-86B4-4B20-95D5-2D956306377B}.Release|Any CPU.ActiveCfg = Release|Any CPU
		{EA9755E8-86B4-4B20-95D5-2D956306377B}.Release|Any CPU.Build.0 = Release|Any CPU
	EndGlobalSection
	GlobalSection(SolutionProperties) = preSolution
		HideSolutionNode = FALSE
	EndGlobalSection
	GlobalSection(ExtensibilityGlobals) = postSolution
		SolutionGuid = {6EC3FDB5-3729-4BC9-8135-F3254140D0B8}
	EndGlobalSection
EndGlobal
